
Microsoft Visual Studio Solution File, Format Version 11.00
# Visual Studio 2010
Project("{FAE04EC0-301F-11D3-BF4B-00C04F79EFBC}") = "Assembly-CSharp", "Assembly-CSharp.csproj", "{AE1E8E5F-3A9A-D215-8474-B61CA433845C}"
EndProject
Project("{FAE04EC0-301F-11D3-BF4B-00C04F79EFBC}") = "Assembly-CSharp-Editor", "Assembly-CSharp-Editor.csproj", "{95B0A3C8-5940-4261-53FB-37DB5A02D2F6}"
EndProject
Global
	GlobalSection(SolutionConfigurationPlatforms) = preSolution
		Debug|Any CPU = Debug|Any CPU
		Release|Any CPU = Release|Any CPU
	EndGlobalSection
	GlobalSection(ProjectConfigurationPlatforms) = postSolution
		{AE1E8E5F-3A9A-D215-8474-B61CA433845C}.Debug|Any CPU.ActiveCfg = Debug|Any CPU
		{AE1E8E5F-3A9A-D215-8474-B61CA433845C}.Debug|Any CPU.Build.0 = Debug|Any CPU
		{AE1E8E5F-3A9A-D215-8474-B61CA433845C}.Release|Any CPU.ActiveCfg = Release|Any CPU
		{AE1E8E5F-3A9A-D215-8474-B61CA433845C}.Release|Any CPU.Build.0 = Release|Any CPU
		{95B0A3C8-5940-4261-53FB-37DB5A02D2F6}.Debug|Any CPU.ActiveCfg = Debug|Any CPU
		{95B0A3C8-5940-4261-53FB-37DB5A02D2F6}.Debug|Any CPU.Build.0 = Debug|Any CPU
		{95B0A3C8-5940-4261-53FB-37DB5A02D2F6}.Release|Any CPU.ActiveCfg = Release|Any CPU
		{95B0A3C8-5940-4261-53FB-37DB5A02D2F6}.Release|Any CPU.Build.0 = Release|Any CPU
	EndGlobalSection
	GlobalSection(SolutionProperties) = preSolution
		HideSolutionNode = FALSE
	EndGlobalSection
	GlobalSection(MonoDevelopProperties) = preSolution
		StartupItem = Assembly-CSharp.csproj
	EndGlobalSection
EndGlobal
